{
  "name": "croose",
  "version": "1.0.0",
  "lockfileVersion": 1,
  "requires": true,
  "dependencies": {
    "@nodelib/fs.scandir": {
      "version": "2.1.3",
      "resolved": "https://registry.npmjs.org/@nodelib/fs.scandir/-/fs.scandir-2.1.3.tgz",
      "integrity": "sha512-eGmwYQn3gxo4r7jdQnkrrN6bY478C3P+a/y72IJukF8LjB6ZHeB3c+Ehacj3sYeSmUXGlnA67/PmbM9CVwL7Dw==",
      "dev": true,
      "requires": {
        "@nodelib/fs.stat": "2.0.3",
        "run-parallel": "^1.1.9"
      }
    },
    "@nodelib/fs.stat": {
      "version": "2.0.3",
      "resolved": "https://registry.npmjs.org/@nodelib/fs.stat/-/fs.stat-2.0.3.tgz",
      "integrity": "sha512-bQBFruR2TAwoevBEd/NWMoAAtNGzTRgdrqnYCc7dhzfoNvqPzLyqlEQnzZ3kVnNrSp25iyxE00/3h2fqGAGArA==",
      "dev": true
    },
    "@nodelib/fs.walk": {
      "version": "1.2.4",
      "resolved": "https://registry.npmjs.org/@nodelib/fs.walk/-/fs.walk-1.2.4.tgz",
      "integrity": "sha512-1V9XOY4rDW0rehzbrcqAmHnz8e7SKvX27gh8Gt2WgB0+pdzdiLV83p72kZPU+jvMbS1qU5mauP2iOvO8rhmurQ==",
      "dev": true,
      "requires": {
        "@nodelib/fs.scandir": "2.1.3",
        "fastq": "^1.6.0"
      }
    },
    "array-union": {
      "version": "2.1.0",
      "resolved": "https://registry.npmjs.org/array-union/-/array-union-2.1.0.tgz",
      "integrity": "sha512-HGyxoOTYUyCM6stUe6EJgnd4EoewAI7zMdfqO+kGjnlZmBDz/cR5pf8r/cR4Wq60sL/p0IkcjUEEPwS3GFrIyw==",
      "dev": true
    },
    "base64-js": {
      "version": "1.3.1",
      "resolved": "https://registry.npmjs.org/base64-js/-/base64-js-1.3.1.tgz",
      "integrity": "sha512-mLQ4i2QO1ytvGWFWmcngKO//JXAQueZvwEKtjgQFM4jIK0kU+ytMfplL8j+n5mspOfjHwoAg+9yhb7BwAHm36g=="
    },
    "bl": {
      "version": "2.2.0",
      "resolved": "https://registry.npmjs.org/bl/-/bl-2.2.0.tgz",
      "integrity": "sha512-wbgvOpqopSr7uq6fJrLH8EsvYMJf9gzfo2jCsL2eTy75qXPukA4pCgHamOQkZtY5vmfVtjB+P3LNlMHW5CEZXA==",
      "dev": true,
      "requires": {
        "readable-stream": "^2.3.5",
        "safe-buffer": "^5.1.1"
      }
    },
    "bluebird": {
      "version": "3.5.1",
      "resolved": "https://registry.npmjs.org/bluebird/-/bluebird-3.5.1.tgz",
      "integrity": "sha512-MKiLiV+I1AA596t9w1sQJ8jkiSr5+ZKi0WKrYGUn6d1Fx+Ij4tIj+m2WMQSGczs5jZVxV339chE8iwk6F64wjA==",
      "dev": true
    },
    "braces": {
      "version": "3.0.2",
      "resolved": "https://registry.npmjs.org/braces/-/braces-3.0.2.tgz",
      "integrity": "sha512-b8um+L1RzM3WDSzvhm6gIz1yfTbBt6YTlcEKAvsmqCZZFw46z626lVj9j1yEPW33H5H+lBQpZMP1k8l+78Ha0A==",
      "dev": true,
      "requires": {
        "fill-range": "^7.0.1"
      }
    },
    "bson": {
      "version": "1.1.4",
      "resolved": "https://registry.npmjs.org/bson/-/bson-1.1.4.tgz",
      "integrity": "sha512-S/yKGU1syOMzO86+dGpg2qGoDL0zvzcb262G+gqEy6TgP6rt6z6qxSFX/8X6vLC91P7G7C3nLs0+bvDzmvBA3Q==",
      "dev": true
    },
    "buffer": {
      "version": "5.6.0",
      "resolved": "https://registry.npmjs.org/buffer/-/buffer-5.6.0.tgz",
      "integrity": "sha512-/gDYp/UtU0eA1ys8bOs9J6a+E/KWIY+DZ+Q2WESNUA0jFRsJOc0SNUO6xJ5SGA1xueg3NL65W6s+NY5l9cunuw==",
      "requires": {
        "base64-js": "^1.0.2",
        "ieee754": "^1.1.4"
      }
    },
    "core-util-is": {
      "version": "1.0.2",
      "resolved": "https://registry.npmjs.org/core-util-is/-/core-util-is-1.0.2.tgz",
      "integrity": "sha1-tf1UIgqivFq1eqtxQMlAdUUDwac=",
      "dev": true
    },
    "crc": {
      "version": "3.8.0",
      "resolved": "https://registry.npmjs.org/crc/-/crc-3.8.0.tgz",
      "integrity": "sha512-iX3mfgcTMIq3ZKLIsVFAbv7+Mc10kxabAGQb8HvjA1o3T1PIYprbakQ65d3I+2HGHt6nSKkM9PYjgoJO2KcFBQ==",
      "requires": {
        "buffer": "^5.1.0"
      }
    },
    "debug": {
      "version": "3.1.0",
      "resolved": "https://registry.npmjs.org/debug/-/debug-3.1.0.tgz",
      "integrity": "sha512-OX8XqP7/1a9cqkxYw2yXss15f26NKWBpDXQd0/uK/KPqdQhxbPa994hnzjcE2VqQpDslf55723cKPUOGSmMY3g==",
      "dev": true,
      "requires": {
        "ms": "2.0.0"
      },
      "dependencies": {
        "ms": {
          "version": "2.0.0",
          "resolved": "https://registry.npmjs.org/ms/-/ms-2.0.0.tgz",
          "integrity": "sha1-VgiurfwAvmwpAd9fmGF4jeDVl8g=",
          "dev": true
        }
      }
    },
    "denque": {
      "version": "1.4.1",
      "resolved": "https://registry.npmjs.org/denque/-/denque-1.4.1.tgz",
      "integrity": "sha512-OfzPuSZKGcgr96rf1oODnfjqBFmr1DVoc/TrItj3Ohe0Ah1C5WX5Baquw/9U9KovnQ88EqmJbD66rKYUQYN1tQ==",
      "dev": true
    },
    "dir-glob": {
      "version": "3.0.1",
      "resolved": "https://registry.npmjs.org/dir-glob/-/dir-glob-3.0.1.tgz",
      "integrity": "sha512-WkrWp9GR4KXfKGYzOLmTuGVi1UWFfws377n9cc55/tb6DuqyF6pcQ5AbiHEshaDpY9v6oaSr2XCDidGmMwdzIA==",
      "dev": true,
      "requires": {
        "path-type": "^4.0.0"
      }
    },
    "fast-glob": {
      "version": "3.2.2",
      "resolved": "https://registry.npmjs.org/fast-glob/-/fast-glob-3.2.2.tgz",
      "integrity": "sha512-UDV82o4uQyljznxwMxyVRJgZZt3O5wENYojjzbaGEGZgeOxkLFf+V4cnUD+krzb2F72E18RhamkMZ7AdeggF7A==",
      "dev": true,
      "requires": {
        "@nodelib/fs.stat": "^2.0.2",
        "@nodelib/fs.walk": "^1.2.3",
        "glob-parent": "^5.1.0",
        "merge2": "^1.3.0",
        "micromatch": "^4.0.2",
        "picomatch": "^2.2.1"
      }
    },
    "fast-json-parse": {
      "version": "1.0.3",
      "resolved": "https://registry.npmjs.org/fast-json-parse/-/fast-json-parse-1.0.3.tgz",
      "integrity": "sha512-FRWsaZRWEJ1ESVNbDWmsAlqDk96gPQezzLghafp5J4GUKjbCz3OkAHuZs5TuPEtkbVQERysLp9xv6c24fBm8Aw=="
    },
    "fast-safe-stringify": {
      "version": "2.0.7",
      "resolved": "https://registry.npmjs.org/fast-safe-stringify/-/fast-safe-stringify-2.0.7.tgz",
      "integrity": "sha512-Utm6CdzT+6xsDk2m8S6uL8VHxNwI6Jub+e9NYTcAms28T84pTa25GJQV9j0CY0N1rM8hK4x6grpF2BQf+2qwVA=="
    },
    "fastq": {
      "version": "1.7.0",
      "resolved": "https://registry.npmjs.org/fastq/-/fastq-1.7.0.tgz",
      "integrity": "sha512-YOadQRnHd5q6PogvAR/x62BGituF2ufiEA6s8aavQANw5YKHERI4AREboX6KotzP8oX2klxYF2wcV/7bn1clfQ==",
      "dev": true,
      "requires": {
        "reusify": "^1.0.4"
      }
    },
    "fill-range": {
      "version": "7.0.1",
      "resolved": "https://registry.npmjs.org/fill-range/-/fill-range-7.0.1.tgz",
      "integrity": "sha512-qOo9F+dMUmC2Lcb4BbVvnKJxTPjCm+RRpe4gDuGrzkL7mEVl/djYSu2OdQ2Pa302N4oqkSg9ir6jaLWJ2USVpQ==",
      "dev": true,
      "requires": {
        "to-regex-range": "^5.0.1"
      }
    },
    "glob-parent": {
      "version": "5.1.1",
      "resolved": "https://registry.npmjs.org/glob-parent/-/glob-parent-5.1.1.tgz",
      "integrity": "sha512-FnI+VGOpnlGHWZxthPGR+QhR78fuiK0sNLkHQv+bL9fQi57lNNdquIbna/WrfROrolq8GK5Ek6BiMwqL/voRYQ==",
      "dev": true,
      "requires": {
        "is-glob": "^4.0.1"
      }
    },
    "globby": {
      "version": "11.0.0",
      "resolved": "https://registry.npmjs.org/globby/-/globby-11.0.0.tgz",
      "integrity": "sha512-iuehFnR3xu5wBBtm4xi0dMe92Ob87ufyu/dHwpDYfbcpYpIbrO5OnS8M1vWvrBhSGEJ3/Ecj7gnX76P8YxpPEg==",
      "dev": true,
      "requires": {
        "array-union": "^2.1.0",
        "dir-glob": "^3.0.1",
        "fast-glob": "^3.1.1",
        "ignore": "^5.1.4",
        "merge2": "^1.3.0",
        "slash": "^3.0.0"
      }
    },
    "ieee754": {
      "version": "1.1.13",
      "resolved": "https://registry.npmjs.org/ieee754/-/ieee754-1.1.13.tgz",
      "integrity": "sha512-4vf7I2LYV/HaWerSo3XmlMkp5eZ83i+/CDluXi/IGTs/O1sejBNhTtnxzmRZfvOUqj7lZjqHkeTvpgSFDlWZTg=="
    },
    "ignore": {
      "version": "5.1.4",
      "resolved": "https://registry.npmjs.org/ignore/-/ignore-5.1.4.tgz",
      "integrity": "sha512-MzbUSahkTW1u7JpKKjY7LCARd1fU5W2rLdxlM4kdkayuCwZImjkpluF9CM1aLewYJguPDqewLam18Y6AU69A8A==",
      "dev": true
    },
    "inherits": {
      "version": "2.0.4",
      "resolved": "https://registry.npmjs.org/inherits/-/inherits-2.0.4.tgz",
      "integrity": "sha512-k/vGaX4/Yla3WzyMCvTQOXYeIHvqOKtnqBduzTHpzpQZzAskKMhZ2K+EnBiSM9zGSoIFeMpXKxa4dYeZIQqewQ==",
      "dev": true
    },
    "is-extglob": {
      "version": "2.1.1",
      "resolved": "https://registry.npmjs.org/is-extglob/-/is-extglob-2.1.1.tgz",
      "integrity": "sha1-qIwCU1eR8C7TfHahueqXc8gz+MI=",
      "dev": true
    },
    "is-glob": {
      "version": "4.0.1",
      "resolved": "https://registry.npmjs.org/is-glob/-/is-glob-4.0.1.tgz",
      "integrity": "sha512-5G0tKtBTFImOqDnLB2hG6Bp2qcKEFduo4tZu9MT/H6NQv/ghhy30o55ufafxJ/LdH79LLs2Kfrn85TLKyA7BUg==",
      "dev": true,
      "requires": {
        "is-extglob": "^2.1.1"
      }
    },
    "is-number": {
      "version": "7.0.0",
      "resolved": "https://registry.npmjs.org/is-number/-/is-number-7.0.0.tgz",
      "integrity": "sha512-41Cifkg6e8TylSpdtTpeLVMqvSBEVzTttHvERD741+pnZ8ANv0004MRL43QKPDlK9cGvNp6NZWZUBlbGXYxxng==",
      "dev": true
    },
    "isarray": {
      "version": "1.0.0",
      "resolved": "https://registry.npmjs.org/isarray/-/isarray-1.0.0.tgz",
      "integrity": "sha1-u5NdSFgsuhaMBoNJV6VKPgcSTxE=",
      "dev": true
    },
    "kareem": {
      "version": "2.3.1",
      "resolved": "https://registry.npmjs.org/kareem/-/kareem-2.3.1.tgz",
      "integrity": "sha512-l3hLhffs9zqoDe8zjmb/mAN4B8VT3L56EUvKNqLFVs9YlFA+zx7ke1DO8STAdDyYNkeSo1nKmjuvQeI12So8Xw==",
      "dev": true
    },
    "lodash": {
      "version": "4.17.15",
      "resolved": "https://registry.npmjs.org/lodash/-/lodash-4.17.15.tgz",
      "integrity": "sha512-8xOcRHvCjnocdS5cpwXQXVzmmh5e5+saE2QGoeQmbKmRS6J3VQppPOIt0MnmE+4xlZoumy0GPG0D0MVIQbNA1A=="
    },
    "memory-pager": {
      "version": "1.5.0",
      "resolved": "https://registry.npmjs.org/memory-pager/-/memory-pager-1.5.0.tgz",
      "integrity": "sha512-ZS4Bp4r/Zoeq6+NLJpP+0Zzm0pR8whtGPf1XExKLJBAczGMnSi3It14OiNCStjQjM6NU1okjQGSxgEZN8eBYKg==",
      "dev": true,
      "optional": true
    },
    "merge2": {
      "version": "1.3.0",
      "resolved": "https://registry.npmjs.org/merge2/-/merge2-1.3.0.tgz",
      "integrity": "sha512-2j4DAdlBOkiSZIsaXk4mTE3sRS02yBHAtfy127xRV3bQUFqXkjHCHLW6Scv7DwNRbIWNHH8zpnz9zMaKXIdvYw==",
      "dev": true
    },
    "micromatch": {
      "version": "4.0.2",
      "resolved": "https://registry.npmjs.org/micromatch/-/micromatch-4.0.2.tgz",
      "integrity": "sha512-y7FpHSbMUMoyPbYUSzO6PaZ6FyRnQOpHuKwbo1G+Knck95XVU4QAiKdGEnj5wwoS7PlOgthX/09u5iFJ+aYf5Q==",
      "dev": true,
      "requires": {
        "braces": "^3.0.1",
        "picomatch": "^2.0.5"
      }
    },
    "mongodb": {
      "version": "3.5.6",
      "resolved": "https://registry.npmjs.org/mongodb/-/mongodb-3.5.6.tgz",
      "integrity": "sha512-sh3q3GLDLT4QmoDLamxtAECwC3RGjq+oNuK1ENV8+tnipIavss6sMYt77hpygqlMOCt0Sla5cl7H4SKCVBCGEg==",
      "dev": true,
      "requires": {
        "bl": "^2.2.0",
        "bson": "^1.1.4",
        "denque": "^1.4.1",
        "require_optional": "^1.0.1",
        "safe-buffer": "^5.1.2",
        "saslprep": "^1.0.0"
      }
    },
    "mongoose": {
      "version": "5.9.10",
      "resolved": "https://registry.npmjs.org/mongoose/-/mongoose-5.9.10.tgz",
      "integrity": "sha512-w1HNukfJzzDLfcI1f79h2Wj4ogVbf+X8hRkyFgqlcjK7OnDlAgahjDMIsT+mCS9jKojrMhjSsZIs9FiRPkLqMg==",
      "dev": true,
      "requires": {
        "bson": "^1.1.4",
        "kareem": "2.3.1",
        "mongodb": "3.5.6",
        "mongoose-legacy-pluralize": "1.0.2",
        "mpath": "0.7.0",
        "mquery": "3.2.2",
        "ms": "2.1.2",
        "regexp-clone": "1.0.0",
        "safe-buffer": "5.1.2",
        "sift": "7.0.1",
        "sliced": "1.0.1"
      }
    },
    "mongoose-deep-populate": {
      "version": "3.1.1",
      "resolved": "https://registry.npmjs.org/mongoose-deep-populate/-/mongoose-deep-populate-3.1.1.tgz",
      "integrity": "sha1-Vh9+iFZs3waXVZyf4ZDVgckDhEI=",
      "dev": true
    },
    "mongoose-legacy-pluralize": {
      "version": "1.0.2",
      "resolved": "https://registry.npmjs.org/mongoose-legacy-pluralize/-/mongoose-legacy-pluralize-1.0.2.tgz",
      "integrity": "sha512-Yo/7qQU4/EyIS8YDFSeenIvXxZN+ld7YdV9LqFVQJzTLye8unujAWPZ4NWKfFA+RNjh+wvTWKY9Z3E5XM6ZZiQ==",
      "dev": true
    },
    "mpath": {
      "version": "0.7.0",
      "resolved": "https://registry.npmjs.org/mpath/-/mpath-0.7.0.tgz",
      "integrity": "sha512-Aiq04hILxhz1L+f7sjGyn7IxYzWm1zLNNXcfhDtx04kZ2Gk7uvFdgZ8ts1cWa/6d0TQmag2yR8zSGZUmp0tFNg==",
      "dev": true
    },
    "mquery": {
      "version": "3.2.2",
      "resolved": "https://registry.npmjs.org/mquery/-/mquery-3.2.2.tgz",
      "integrity": "sha512-XB52992COp0KP230I3qloVUbkLUxJIu328HBP2t2EsxSFtf4W1HPSOBWOXf1bqxK4Xbb66lfMJ+Bpfd9/yZE1Q==",
      "dev": true,
      "requires": {
        "bluebird": "3.5.1",
        "debug": "3.1.0",
        "regexp-clone": "^1.0.0",
        "safe-buffer": "5.1.2",
        "sliced": "1.0.1"
      }
    },
    "ms": {
      "version": "2.1.2",
      "resolved": "https://registry.npmjs.org/ms/-/ms-2.1.2.tgz",
      "integrity": "sha512-sGkPx+VjMtmA6MX27oA4FBFELFCZZ4S4XqeGOXCv68tT+jb3vk/RyaKWP0PTKyWtmLSM0b+adUTEvbs1PEaH2w==",
      "dev": true
    },
    "path-type": {
      "version": "4.0.0",
      "resolved": "https://registry.npmjs.org/path-type/-/path-type-4.0.0.tgz",
      "integrity": "sha512-gDKb8aZMDeD/tZWs9P6+q0J9Mwkdl6xMV8TjnGP3qJVJ06bdMgkbBlLU8IdfOsIsFz2BW1rNVT3XuNEl8zPAvw==",
      "dev": true
    },
    "picomatch": {
      "version": "2.2.2",
      "resolved": "https://registry.npmjs.org/picomatch/-/picomatch-2.2.2.tgz",
      "integrity": "sha512-q0M/9eZHzmr0AulXyPwNfZjtwZ/RBZlbN3K3CErVrk50T2ASYI7Bye0EvekFY3IP1Nt2DHu0re+V2ZHIpMkuWg==",
      "dev": true
    },
    "process-nextick-args": {
      "version": "2.0.1",
      "resolved": "https://registry.npmjs.org/process-nextick-args/-/process-nextick-args-2.0.1.tgz",
      "integrity": "sha512-3ouUOpQhtgrbOa17J7+uxOTpITYWaGP7/AhoR3+A+/1e9skrzelGi/dXzEYyvbxubEF6Wn2ypscTKiKJFFn1ag==",
      "dev": true
    },
    "quick-lru": {
      "version": "5.1.0",
      "resolved": "https://registry.npmjs.org/quick-lru/-/quick-lru-5.1.0.tgz",
      "integrity": "sha512-WjAKQ9ORzvqjLijJXiXWqc3Gcs1ivoxCj6KJmEjoWBE6OtHwuaDLSAUqGHALUiid7A1KqGqsSHZs8prxF5xxAQ=="
    },
    "readable-stream": {
      "version": "2.3.7",
      "resolved": "https://registry.npmjs.org/readable-stream/-/readable-stream-2.3.7.tgz",
      "integrity": "sha512-Ebho8K4jIbHAxnuxi7o42OrZgF/ZTNcsZj6nRKyUmkhLFq8CHItp/fy6hQZuZmP/n3yZ9VBUbp4zz/mX8hmYPw==",
      "dev": true,
      "requires": {
        "core-util-is": "~1.0.0",
        "inherits": "~2.0.3",
        "isarray": "~1.0.0",
        "process-nextick-args": "~2.0.0",
        "safe-buffer": "~5.1.1",
        "string_decoder": "~1.1.1",
        "util-deprecate": "~1.0.1"
      }
    },
    "regexp-clone": {
      "version": "1.0.0",
      "resolved": "https://registry.npmjs.org/regexp-clone/-/regexp-clone-1.0.0.tgz",
      "integrity": "sha512-TuAasHQNamyyJ2hb97IuBEif4qBHGjPHBS64sZwytpLEqtBQ1gPJTnOaQ6qmpET16cK14kkjbazl6+p0RRv0yw==",
      "dev": true
    },
    "require_optional": {
      "version": "1.0.1",
      "resolved": "https://registry.npmjs.org/require_optional/-/require_optional-1.0.1.tgz",
      "integrity": "sha512-qhM/y57enGWHAe3v/NcwML6a3/vfESLe/sGM2dII+gEO0BpKRUkWZow/tyloNqJyN6kXSl3RyyM8Ll5D/sJP8g==",
      "dev": true,
      "requires": {
        "resolve-from": "^2.0.0",
        "semver": "^5.1.0"
      }
    },
    "resolve-from": {
      "version": "2.0.0",
      "resolved": "https://registry.npmjs.org/resolve-from/-/resolve-from-2.0.0.tgz",
      "integrity": "sha1-lICrIOlP+h2egKgEx+oUdhGWa1c=",
      "dev": true
    },
    "reusify": {
      "version": "1.0.4",
      "resolved": "https://registry.npmjs.org/reusify/-/reusify-1.0.4.tgz",
      "integrity": "sha512-U9nH88a3fc/ekCF1l0/UP1IosiuIjyTh7hBvXVMHYgVcfGvt897Xguj2UOLDeI5BG2m7/uwyaLVT6fbtCwTyzw==",
      "dev": true
    },
    "run-parallel": {
      "version": "1.1.9",
      "resolved": "https://registry.npmjs.org/run-parallel/-/run-parallel-1.1.9.tgz",
      "integrity": "sha512-DEqnSRTDw/Tc3FXf49zedI638Z9onwUotBMiUFKmrO2sdFKIbXamXGQ3Axd4qgphxKB4kw/qP1w5kTxnfU1B9Q==",
      "dev": true
    },
    "safe-buffer": {
      "version": "5.1.2",
      "resolved": "https://registry.npmjs.org/safe-buffer/-/safe-buffer-5.1.2.tgz",
      "integrity": "sha512-Gd2UZBJDkXlY7GbJxfsE8/nvKkUEU1G38c1siN6QP6a9PT9MmHB8GnpscSmMJSoF8LOIrt8ud/wPtojys4G6+g==",
      "dev": true
    },
    "saslprep": {
      "version": "1.0.3",
      "resolved": "https://registry.npmjs.org/saslprep/-/saslprep-1.0.3.tgz",
      "integrity": "sha512-/MY/PEMbk2SuY5sScONwhUDsV2p77Znkb/q3nSVstq/yQzYJOH/Azh29p9oJLsl3LnQwSvZDKagDGBsBwSooag==",
      "dev": true,
      "optional": true,
      "requires": {
        "sparse-bitfield": "^3.0.3"
      }
    },
    "semver": {
      "version": "5.7.1",
      "resolved": "https://registry.npmjs.org/semver/-/semver-5.7.1.tgz",
      "integrity": "sha512-sauaDf/PZdVgrLTNYHRtpXa1iRiKcaebiKQ1BJdpQlWH2lCvexQdX55snPFyK7QzpudqbCI0qXFfOasHdyNDGQ==",
      "dev": true
    },
    "should": {
      "version": "13.2.3",
      "resolved": "https://registry.npmjs.org/should/-/should-13.2.3.tgz",
      "integrity": "sha512-ggLesLtu2xp+ZxI+ysJTmNjh2U0TsC+rQ/pfED9bUZZ4DKefP27D+7YJVVTvKsmjLpIi9jAa7itwDGkDDmt1GQ==",
      "dev": true,
      "requires": {
        "should-equal": "^2.0.0",
        "should-format": "^3.0.3",
        "should-type": "^1.4.0",
        "should-type-adaptors": "^1.0.1",
        "should-util": "^1.0.0"
      }
    },
    "should-equal": {
      "version": "2.0.0",
      "resolved": "https://registry.npmjs.org/should-equal/-/should-equal-2.0.0.tgz",
      "integrity": "sha512-ZP36TMrK9euEuWQYBig9W55WPC7uo37qzAEmbjHz4gfyuXrEUgF8cUvQVO+w+d3OMfPvSRQJ22lSm8MQJ43LTA==",
      "dev": true,
      "requires": {
        "should-type": "^1.4.0"
      }
    },
    "should-format": {
      "version": "3.0.3",
      "resolved": "https://registry.npmjs.org/should-format/-/should-format-3.0.3.tgz",
      "integrity": "sha1-m/yPdPo5IFxT04w01xcwPidxJPE=",
      "dev": true,
      "requires": {
        "should-type": "^1.3.0",
        "should-type-adaptors": "^1.0.1"
      }
    },
    "should-type": {
      "version": "1.4.0",
      "resolved": "https://registry.npmjs.org/should-type/-/should-type-1.4.0.tgz",
      "integrity": "sha1-B1bYzoRt/QmEOmlHcZ36DUz/XPM=",
      "dev": true
    },
    "should-type-adaptors": {
      "version": "1.1.0",
      "resolved": "https://registry.npmjs.org/should-type-adaptors/-/should-type-adaptors-1.1.0.tgz",
      "integrity": "sha512-JA4hdoLnN+kebEp2Vs8eBe9g7uy0zbRo+RMcU0EsNy+R+k049Ki+N5tT5Jagst2g7EAja+euFuoXFCa8vIklfA==",
      "dev": true,
      "requires": {
        "should-type": "^1.3.0",
        "should-util": "^1.0.0"
      }
    },
    "should-util": {
      "version": "1.0.1",
      "resolved": "https://registry.npmjs.org/should-util/-/should-util-1.0.1.tgz",
      "integrity": "sha512-oXF8tfxx5cDk8r2kYqlkUJzZpDBqVY/II2WhvU0n9Y3XYvAYRmeaf1PvvIvTgPnv4KJ+ES5M0PyDq5Jp+Ygy2g==",
      "dev": true
    },
    "sift": {
      "version": "7.0.1",
      "resolved": "https://registry.npmjs.org/sift/-/sift-7.0.1.tgz",
      "integrity": "sha512-oqD7PMJ+uO6jV9EQCl0LrRw1OwsiPsiFQR5AR30heR+4Dl7jBBbDLnNvWiak20tzZlSE1H7RB30SX/1j/YYT7g==",
      "dev": true
    },
    "slash": {
      "version": "3.0.0",
      "resolved": "https://registry.npmjs.org/slash/-/slash-3.0.0.tgz",
      "integrity": "sha512-g9Q1haeby36OSStwb4ntCGGGaKsaVSjQ68fBxoQcutl5fS1vuY18H3wSt3jFyFtrkx+Kz0V1G85A4MyAdDMi2Q==",
      "dev": true
    },
    "sliced": {
      "version": "1.0.1",
      "resolved": "https://registry.npmjs.org/sliced/-/sliced-1.0.1.tgz",
      "integrity": "sha1-CzpmK10Ewxd7GSa+qCsD+Dei70E=",
      "dev": true
    },
    "sparse-bitfield": {
      "version": "3.0.3",
      "resolved": "https://registry.npmjs.org/sparse-bitfield/-/sparse-bitfield-3.0.3.tgz",
      "integrity": "sha1-/0rm5oZWBWuks+eSqzM004JzyhE=",
      "dev": true,
      "optional": true,
      "requires": {
        "memory-pager": "^1.0.2"
      }
    },
    "string_decoder": {
      "version": "1.1.1",
      "resolved": "https://registry.npmjs.org/string_decoder/-/string_decoder-1.1.1.tgz",
      "integrity": "sha512-n/ShnvDi6FHbbVfviro+WojiFzv+s8MPMHBczVePfUpDJLwoLT0ht1l4YwBCbi8pJAveEEdnkHyPyTP/mzRfwg==",
      "dev": true,
      "requires": {
        "safe-buffer": "~5.1.0"
      }
    },
    "to-regex-range": {
      "version": "5.0.1",
      "resolved": "https://registry.npmjs.org/to-regex-range/-/to-regex-range-5.0.1.tgz",
      "integrity": "sha512-65P7iz6X5yEr1cwcgvQxbbIw7Uk3gOy5dIdtZ4rDveLqhrdJP+Li/Hx6tyK0NEb+2GCyneCMJiGqrADCSNk8sQ==",
      "dev": true,
      "requires": {
        "is-number": "^7.0.0"
      }
    },
    "util-deprecate": {
      "version": "1.0.2",
      "resolved": "https://registry.npmjs.org/util-deprecate/-/util-deprecate-1.0.2.tgz",
      "integrity": "sha1-RQ1Nyfpw3nMnYvvS1KKJgUGaDM8=",
      "dev": true
    }
  }
}
